
Microsoft Visual Studio Solution File, Format Version 12.00
# Visual Studio Version 16
VisualStudioVersion = 16.0.30524.135
MinimumVisualStudioVersion = 10.0.40219.1
Project("{FAE04EC0-301F-11D3-BF4B-00C04F79EFBC}") = "MedicationAssistant", "MedicationAssistant\MedicationAssistant.csproj", "{596718B1-B114-495E-9150-924E627844D1}"
EndProject
Global
	GlobalSection(SolutionConfigurationPlatforms) = preSolution
		Debug|Any CPU = Debug|Any CPU
		Release|Any CPU = Release|Any CPU
	EndGlobalSection
	GlobalSection(ProjectConfigurationPlatforms) = postSolution
		{596718B1-B114-495E-9150-924E627844D1}.Debug|Any CPU.ActiveCfg = Debug|Any CPU
		{596718B1-B114-495E-9150-924E627844D1}.Debug|Any CPU.Build.0 = Debug|Any CPU
		{596718B1-B114-495E-9150-924E627844D1}.Release|Any CPU.ActiveCfg = Release|Any CPU
		{596718B1-B114-495E-9150-924E627844D1}.Release|Any CPU.Build.0 = Release|Any CPU
	EndGlobalSection
	GlobalSection(SolutionProperties) = preSolution
		HideSolutionNode = FALSE
	EndGlobalSection
	GlobalSection(ExtensibilityGlobals) = postSolution
		SolutionGuid = {E3164F7A-CD2C-4861-B84A-5EBAEC0CB2C7}
	EndGlobalSection
EndGlobal
